
Microsoft Visual Studio Solution File, Format Version 12.00
# Visual Studio Version 16
VisualStudioVersion = 16.0.30711.63
MinimumVisualStudioVersion = 10.0.40219.1
Project("{FAE04EC0-301F-11D3-BF4B-00C04F79EFBC}") = "PrimeNumbers.UI.Web", "PrimeNumbers.UI.Web\PrimeNumbers.UI.Web.csproj", "{44AC4B2D-0732-4CA3-B96F-5287DD3B47E2}"
EndProject
Global
	GlobalSection(SolutionConfigurationPlatforms) = preSolution
		Debug|Any CPU = Debug|Any CPU
		Release|Any CPU = Release|Any CPU
	EndGlobalSection
	GlobalSection(ProjectConfigurationPlatforms) = postSolution
		{44AC4B2D-0732-4CA3-B96F-5287DD3B47E2}.Debug|Any CPU.ActiveCfg = Debug|Any CPU
		{44AC4B2D-0732-4CA3-B96F-5287DD3B47E2}.Debug|Any CPU.Build.0 = Debug|Any CPU
		{44AC4B2D-0732-4CA3-B96F-5287DD3B47E2}.Release|Any CPU.ActiveCfg = Release|Any CPU
		{44AC4B2D-0732-4CA3-B96F-5287DD3B47E2}.Release|Any CPU.Build.0 = Release|Any CPU
	EndGlobalSection
	GlobalSection(SolutionProperties) = preSolution
		HideSolutionNode = FALSE
	EndGlobalSection
	GlobalSection(ExtensibilityGlobals) = postSolution
		SolutionGuid = {47744962-FFAF-403D-B9C7-501526BB2DE3}
	EndGlobalSection
EndGlobal
